
Microsoft Visual Studio Solution File, Format Version 12.00
# Visual Studio Version 16
VisualStudioVersion = 16.0.30717.126
MinimumVisualStudioVersion = 10.0.40219.1
Project("{9A19103F-16F7-4668-BE54-9A1E7A4F7556}") = "DemoOrleans.SiloHost", "DemoOrleans.SiloHost\DemoOrleans.SiloHost.csproj", "{87ECFE74-CBA2-4376-8174-7A8D66FC6379}"
EndProject
Project("{9A19103F-16F7-4668-BE54-9A1E7A4F7556}") = "DemoOrleans.Api", "DemoOrleans.Api\DemoOrleans.Api.csproj", "{56C412AE-005B-4223-90ED-1245DCB3E2F6}"
EndProject
Project("{9A19103F-16F7-4668-BE54-9A1E7A4F7556}") = "DemoOrleans.Contracts", "DemoOrleans.Contracts\DemoOrleans.Contracts.csproj", "{1BC978CA-C993-41A1-A625-887698A6662E}"
EndProject
Project("{9A19103F-16F7-4668-BE54-9A1E7A4F7556}") = "DemoOrleans.Grains", "DemoOrleans.Grains\DemoOrleans.Grains.csproj", "{800FCD99-E968-4B5D-B8D7-0C2616AA3F68}"
EndProject
Project("{FAE04EC0-301F-11D3-BF4B-00C04F79EFBC}") = "DemoOrleans.SiloHostB", "DemoOrleans.SiloHostB\DemoOrleans.SiloHostB.csproj", "{78FC9787-DD2C-4F00-8977-BD6EFE87028E}"
EndProject
Global
	GlobalSection(SolutionConfigurationPlatforms) = preSolution
		Debug|Any CPU = Debug|Any CPU
		Release|Any CPU = Release|Any CPU
	EndGlobalSection
	GlobalSection(ProjectConfigurationPlatforms) = postSolution
		{87ECFE74-CBA2-4376-8174-7A8D66FC6379}.Debug|Any CPU.ActiveCfg = Debug|Any CPU
		{87ECFE74-CBA2-4376-8174-7A8D66FC6379}.Debug|Any CPU.Build.0 = Debug|Any CPU
		{87ECFE74-CBA2-4376-8174-7A8D66FC6379}.Release|Any CPU.ActiveCfg = Release|Any CPU
		{87ECFE74-CBA2-4376-8174-7A8D66FC6379}.Release|Any CPU.Build.0 = Release|Any CPU
		{56C412AE-005B-4223-90ED-1245DCB3E2F6}.Debug|Any CPU.ActiveCfg = Debug|Any CPU
		{56C412AE-005B-4223-90ED-1245DCB3E2F6}.Debug|Any CPU.Build.0 = Debug|Any CPU
		{56C412AE-005B-4223-90ED-1245DCB3E2F6}.Release|Any CPU.ActiveCfg = Release|Any CPU
		{56C412AE-005B-4223-90ED-1245DCB3E2F6}.Release|Any CPU.Build.0 = Release|Any CPU
		{1BC978CA-C993-41A1-A625-887698A6662E}.Debug|Any CPU.ActiveCfg = Debug|Any CPU
		{1BC978CA-C993-41A1-A625-887698A6662E}.Debug|Any CPU.Build.0 = Debug|Any CPU
		{1BC978CA-C993-41A1-A625-887698A6662E}.Release|Any CPU.ActiveCfg = Release|Any CPU
		{1BC978CA-C993-41A1-A625-887698A6662E}.Release|Any CPU.Build.0 = Release|Any CPU
		{800FCD99-E968-4B5D-B8D7-0C2616AA3F68}.Debug|Any CPU.ActiveCfg = Debug|Any CPU
		{800FCD99-E968-4B5D-B8D7-0C2616AA3F68}.Debug|Any CPU.Build.0 = Debug|Any CPU
		{800FCD99-E968-4B5D-B8D7-0C2616AA3F68}.Release|Any CPU.ActiveCfg = Release|Any CPU
		{800FCD99-E968-4B5D-B8D7-0C2616AA3F68}.Release|Any CPU.Build.0 = Release|Any CPU
		{78FC9787-DD2C-4F00-8977-BD6EFE87028E}.Debug|Any CPU.ActiveCfg = Debug|Any CPU
		{78FC9787-DD2C-4F00-8977-BD6EFE87028E}.Debug|Any CPU.Build.0 = Debug|Any CPU
		{78FC9787-DD2C-4F00-8977-BD6EFE87028E}.Release|Any CPU.ActiveCfg = Release|Any CPU
		{78FC9787-DD2C-4F00-8977-BD6EFE87028E}.Release|Any CPU.Build.0 = Release|Any CPU
	EndGlobalSection
	GlobalSection(SolutionProperties) = preSolution
		HideSolutionNode = FALSE
	EndGlobalSection
	GlobalSection(ExtensibilityGlobals) = postSolution
		SolutionGuid = {1CB6080C-DDE5-4697-9E94-B2B8097DF208}
	EndGlobalSection
EndGlobal
